
Microsoft Visual Studio Solution File, Format Version 12.00
# Visual Studio Version 16
VisualStudioVersion = 16.0.31702.278
MinimumVisualStudioVersion = 10.0.40219.1
Project("{FAE04EC0-301F-11D3-BF4B-00C04F79EFBC}") = "OnkoSuosittuNimi", "OnkoSuosittuNimi.csproj", "{42D0AE45-89D1-4BB0-8D00-6D20AD2A756E}"
EndProject
Global
	GlobalSection(SolutionConfigurationPlatforms) = preSolution
		Debug|Any CPU = Debug|Any CPU
		Release|Any CPU = Release|Any CPU
	EndGlobalSection
	GlobalSection(ProjectConfigurationPlatforms) = postSolution
		{42D0AE45-89D1-4BB0-8D00-6D20AD2A756E}.Debug|Any CPU.ActiveCfg = Debug|Any CPU
		{42D0AE45-89D1-4BB0-8D00-6D20AD2A756E}.Debug|Any CPU.Build.0 = Debug|Any CPU
		{42D0AE45-89D1-4BB0-8D00-6D20AD2A756E}.Release|Any CPU.ActiveCfg = Release|Any CPU
		{42D0AE45-89D1-4BB0-8D00-6D20AD2A756E}.Release|Any CPU.Build.0 = Release|Any CPU
	EndGlobalSection
	GlobalSection(SolutionProperties) = preSolution
		HideSolutionNode = FALSE
	EndGlobalSection
	GlobalSection(ExtensibilityGlobals) = postSolution
		SolutionGuid = {CCCE2175-D3D0-481E-81D4-80354CCBC3AD}
	EndGlobalSection
EndGlobal
