
Microsoft Visual Studio Solution File, Format Version 12.00
# Visual Studio Version 16
VisualStudioVersion = 16.0.31702.278
MinimumVisualStudioVersion = 10.0.40219.1
Project("{FAE04EC0-301F-11D3-BF4B-00C04F79EFBC}") = "Ajastin", "Ajastin.csproj", "{DBDE8754-F976-4A6A-93DB-D5BBCD835D35}"
EndProject
Global
	GlobalSection(SolutionConfigurationPlatforms) = preSolution
		Debug|Any CPU = Debug|Any CPU
		Release|Any CPU = Release|Any CPU
	EndGlobalSection
	GlobalSection(ProjectConfigurationPlatforms) = postSolution
		{DBDE8754-F976-4A6A-93DB-D5BBCD835D35}.Debug|Any CPU.ActiveCfg = Debug|Any CPU
		{DBDE8754-F976-4A6A-93DB-D5BBCD835D35}.Debug|Any CPU.Build.0 = Debug|Any CPU
		{DBDE8754-F976-4A6A-93DB-D5BBCD835D35}.Release|Any CPU.ActiveCfg = Release|Any CPU
		{DBDE8754-F976-4A6A-93DB-D5BBCD835D35}.Release|Any CPU.Build.0 = Release|Any CPU
	EndGlobalSection
	GlobalSection(SolutionProperties) = preSolution
		HideSolutionNode = FALSE
	EndGlobalSection
	GlobalSection(ExtensibilityGlobals) = postSolution
		SolutionGuid = {0E58C9DC-66C6-4AEB-94B2-A700A182F0A2}
	EndGlobalSection
EndGlobal
